# This file is generated by running "yarn install" inside your project.
# Manual changes might be lost - proceed with caution!

__metadata:
  version: 6
  cacheKey: 8c0

"analyse@workspace:.":
  version: 0.0.0-use.local
  resolution: "analyse@workspace:."
  dependencies:
    execa: 7.1.1
    ora: 6.3.1
    pretty-bytes: 6.1.0
    pretty-ms: 8.0.0
    strip-ansi: 7.1.0
    yargs-parser: 21.1.1
  languageName: unknown
  linkType: soft

"ansi-regex@npm:^6.0.1":
  version: 6.0.1
  resolution: "ansi-regex@npm:6.0.1"
  checksum: cbe16dbd2c6b2735d1df7976a7070dd277326434f0212f43abf6d87674095d247968209babdaad31bb00882fa68807256ba9be340eec2f1004de14ca75f52a08
  languageName: node
  linkType: hard

"base64-js@npm:^1.3.1":
  version: 1.5.1
  resolution: "base64-js@npm:1.5.1"
  checksum: f23823513b63173a001030fae4f2dabe283b99a9d324ade3ad3d148e218134676f1ee8568c877cd79ec1c53158dcf2d2ba527a97c606618928ba99dd930102bf
  languageName: node
  linkType: hard

"bl@npm:^5.0.0":
  version: 5.1.0
  resolution: "bl@npm:5.1.0"
  dependencies:
    buffer: ^6.0.3
    inherits: ^2.0.4
    readable-stream: ^3.4.0
  checksum: 528a9c3d7d6b87af98c46f10a887654d027c28c503c7f7de87440e643f0056d7a2319a967762b8ec18150c64799d2825a277147a752a0570a7407c0b705b0d01
  languageName: node
  linkType: hard

"buffer@npm:^6.0.3":
  version: 6.0.3
  resolution: "buffer@npm:6.0.3"
  dependencies:
    base64-js: ^1.3.1
    ieee754: ^1.2.1
  checksum: 2a905fbbcde73cc5d8bd18d1caa23715d5f83a5935867c2329f0ac06104204ba7947be098fe1317fbd8830e26090ff8e764f08cd14fefc977bb248c3487bcbd0
  languageName: node
  linkType: hard

"chalk@npm:^5.0.0":
  version: 5.2.0
  resolution: "chalk@npm:5.2.0"
  checksum: 8a519b35c239f96e041b7f1ed8fdd79d3ca2332a8366cb957378b8a1b8a4cdfb740d19628e8bf74654d4c0917aa10cf39c20752e177a1304eac29a1168a740e9
  languageName: node
  linkType: hard

"cli-cursor@npm:^4.0.0":
  version: 4.0.0
  resolution: "cli-cursor@npm:4.0.0"
  dependencies:
    restore-cursor: ^4.0.0
  checksum: e776e8c3c6727300d0539b0d25160b2bb56aed1a63942753ba1826b012f337a6f4b7ace3548402e4f2f13b5e16bfd751be672c44b203205e7eca8be94afec42c
  languageName: node
  linkType: hard

"cli-spinners@npm:^2.6.1":
  version: 2.9.0
  resolution: "cli-spinners@npm:2.9.0"
  checksum: c0d5437acc1ace7361b1c58a4fda3c92c2d8691ff3169ac658ce30faee71280b7aa706c072bcb6d0e380c232f3495f7d5ad4668c1391fe02c4d3a39d37798f44
  languageName: node
  linkType: hard

"clone@npm:^1.0.2":
  version: 1.0.4
  resolution: "clone@npm:1.0.4"
  checksum: 2176952b3649293473999a95d7bebfc9dc96410f6cbd3d2595cf12fd401f63a4bf41a7adbfd3ab2ff09ed60cb9870c58c6acdd18b87767366fabfc163700f13b
  languageName: node
  linkType: hard

"cross-spawn@npm:^7.0.3":
  version: 7.0.3
  resolution: "cross-spawn@npm:7.0.3"
  dependencies:
    path-key: ^3.1.0
    shebang-command: ^2.0.0
    which: ^2.0.1
  checksum: 5738c312387081c98d69c98e105b6327b069197f864a60593245d64c8089c8a0a744e16349281210d56835bb9274130d825a78b2ad6853ca13cfbeffc0c31750
  languageName: node
  linkType: hard

"defaults@npm:^1.0.3":
  version: 1.0.4
  resolution: "defaults@npm:1.0.4"
  dependencies:
    clone: ^1.0.2
  checksum: 9cfbe498f5c8ed733775db62dfd585780387d93c17477949e1670bfcfb9346e0281ce8c4bf9f4ac1fc0f9b851113bd6dc9e41182ea1644ccd97de639fa13c35a
  languageName: node
  linkType: hard

"execa@npm:7.1.1":
  version: 7.1.1
  resolution: "execa@npm:7.1.1"
  dependencies:
    cross-spawn: ^7.0.3
    get-stream: ^6.0.1
    human-signals: ^4.3.0
    is-stream: ^3.0.0
    merge-stream: ^2.0.0
    npm-run-path: ^5.1.0
    onetime: ^6.0.0
    signal-exit: ^3.0.7
    strip-final-newline: ^3.0.0
  checksum: 0da5ee1c895b62142bc3d1567d1974711c28c2cfa6bae96e1923379bd597e476d762a13f282f92815d8ebfa33407949634fa32a0d6db8334a20e625fe11d4351
  languageName: node
  linkType: hard

"get-stream@npm:^6.0.1":
  version: 6.0.1
  resolution: "get-stream@npm:6.0.1"
  checksum: 49825d57d3fd6964228e6200a58169464b8e8970489b3acdc24906c782fb7f01f9f56f8e6653c4a50713771d6658f7cfe051e5eb8c12e334138c9c918b296341
  languageName: node
  linkType: hard

"human-signals@npm:^4.3.0":
  version: 4.3.1
  resolution: "human-signals@npm:4.3.1"
  checksum: 40498b33fe139f5cc4ef5d2f95eb1803d6318ac1b1c63eaf14eeed5484d26332c828de4a5a05676b6c83d7b9e57727c59addb4b1dea19cb8d71e83689e5b336c
  languageName: node
  linkType: hard

"ieee754@npm:^1.2.1":
  version: 1.2.1
  resolution: "ieee754@npm:1.2.1"
  checksum: b0782ef5e0935b9f12883a2e2aa37baa75da6e66ce6515c168697b42160807d9330de9a32ec1ed73149aea02e0d822e572bca6f1e22bdcbd2149e13b050b17bb
  languageName: node
  linkType: hard

"inherits@npm:^2.0.3, inherits@npm:^2.0.4":
  version: 2.0.4
  resolution: "inherits@npm:2.0.4"
  checksum: 4e531f648b29039fb7426fb94075e6545faa1eb9fe83c29f0b6d9e7263aceb4289d2d4557db0d428188eeb449cc7c5e77b0a0b2c4e248ff2a65933a0dee49ef2
  languageName: node
  linkType: hard

"is-interactive@npm:^2.0.0":
  version: 2.0.0
  resolution: "is-interactive@npm:2.0.0"
  checksum: 801c8f6064f85199dc6bf99b5dd98db3282e930c3bc197b32f2c5b89313bb578a07d1b8a01365c4348c2927229234f3681eb861b9c2c92bee72ff397390fa600
  languageName: node
  linkType: hard

"is-stream@npm:^3.0.0":
  version: 3.0.0
  resolution: "is-stream@npm:3.0.0"
  checksum: eb2f7127af02ee9aa2a0237b730e47ac2de0d4e76a4a905a50a11557f2339df5765eaea4ceb8029f1efa978586abe776908720bfcb1900c20c6ec5145f6f29d8
  languageName: node
  linkType: hard

"is-unicode-supported@npm:^1.1.0":
  version: 1.3.0
  resolution: "is-unicode-supported@npm:1.3.0"
  checksum: b8674ea95d869f6faabddc6a484767207058b91aea0250803cbf1221345cb0c56f466d4ecea375dc77f6633d248d33c47bd296fb8f4cdba0b4edba8917e83d8a
  languageName: node
  linkType: hard

"isexe@npm:^2.0.0":
  version: 2.0.0
  resolution: "isexe@npm:2.0.0"
  checksum: 228cfa503fadc2c31596ab06ed6aa82c9976eec2bfd83397e7eaf06d0ccf42cd1dfd6743bf9aeb01aebd4156d009994c5f76ea898d2832c1fe342da923ca457d
  languageName: node
  linkType: hard

"log-symbols@npm:^5.1.0":
  version: 5.1.0
  resolution: "log-symbols@npm:5.1.0"
  dependencies:
    chalk: ^5.0.0
    is-unicode-supported: ^1.1.0
  checksum: c14f8567c6618a7f96209c4c4b9fb3b794187116904712f7b526e465a5c9535728aec983735a5bef919247d0e54b9b72b6680a7fb9fc72d76b945dac4865e669
  languageName: node
  linkType: hard

"merge-stream@npm:^2.0.0":
  version: 2.0.0
  resolution: "merge-stream@npm:2.0.0"
  checksum: 867fdbb30a6d58b011449b8885601ec1690c3e41c759ecd5a9d609094f7aed0096c37823ff4a7190ef0b8f22cc86beb7049196ff68c016e3b3c671d0dac91ce5
  languageName: node
  linkType: hard

"mimic-fn@npm:^2.1.0":
  version: 2.1.0
  resolution: "mimic-fn@npm:2.1.0"
  checksum: b26f5479d7ec6cc2bce275a08f146cf78f5e7b661b18114e2506dd91ec7ec47e7a25bf4360e5438094db0560bcc868079fb3b1fb3892b833c1ecbf63f80c95a4
  languageName: node
  linkType: hard

"mimic-fn@npm:^4.0.0":
  version: 4.0.0
  resolution: "mimic-fn@npm:4.0.0"
  checksum: de9cc32be9996fd941e512248338e43407f63f6d497abe8441fa33447d922e927de54d4cc3c1a3c6d652857acd770389d5a3823f311a744132760ce2be15ccbf
  languageName: node
  linkType: hard

"npm-run-path@npm:^5.1.0":
  version: 5.1.0
  resolution: "npm-run-path@npm:5.1.0"
  dependencies:
    path-key: ^4.0.0
  checksum: ff6d77514489f47fa1c3b1311d09cd4b6d09a874cc1866260f9dea12cbaabda0436ed7f8c2ee44d147bf99a3af29307c6f63b0f83d242b0b6b0ab25dff2629e3
  languageName: node
  linkType: hard

"onetime@npm:^5.1.0":
  version: 5.1.2
  resolution: "onetime@npm:5.1.2"
  dependencies:
    mimic-fn: ^2.1.0
  checksum: ffcef6fbb2692c3c40749f31ea2e22677a876daea92959b8a80b521d95cca7a668c884d8b2045d1d8ee7d56796aa405c405462af112a1477594cc63531baeb8f
  languageName: node
  linkType: hard

"onetime@npm:^6.0.0":
  version: 6.0.0
  resolution: "onetime@npm:6.0.0"
  dependencies:
    mimic-fn: ^4.0.0
  checksum: 4eef7c6abfef697dd4479345a4100c382d73c149d2d56170a54a07418c50816937ad09500e1ed1e79d235989d073a9bade8557122aee24f0576ecde0f392bb6c
  languageName: node
  linkType: hard

"ora@npm:6.3.1":
  version: 6.3.1
  resolution: "ora@npm:6.3.1"
  dependencies:
    chalk: ^5.0.0
    cli-cursor: ^4.0.0
    cli-spinners: ^2.6.1
    is-interactive: ^2.0.0
    is-unicode-supported: ^1.1.0
    log-symbols: ^5.1.0
    stdin-discarder: ^0.1.0
    strip-ansi: ^7.0.1
    wcwidth: ^1.0.1
  checksum: f8753e234c9967c86cfb73e7396e1a51ed8771c4921d539af8e8962b32c7928cefef7b3c4ce730a504be72b1437f91cc0523f468927b9fe322498c4edcc50203
  languageName: node
  linkType: hard

"parse-ms@npm:^3.0.0":
  version: 3.0.0
  resolution: "parse-ms@npm:3.0.0"
  checksum: 056b4a32a9d3749f3f4cfffefb45c45540491deaa8e1d8ad43c2ddde7ba04edd076bd1b298f521238bb5fb084a9b2c4a2ebb78aefa651afbc4c2b0af4232fc54
  languageName: node
  linkType: hard

"path-key@npm:^3.1.0":
  version: 3.1.1
  resolution: "path-key@npm:3.1.1"
  checksum: 748c43efd5a569c039d7a00a03b58eecd1d75f3999f5a28303d75f521288df4823bc057d8784eb72358b2895a05f29a070bc9f1f17d28226cc4e62494cc58c4c
  languageName: node
  linkType: hard

"path-key@npm:^4.0.0":
  version: 4.0.0
  resolution: "path-key@npm:4.0.0"
  checksum: 794efeef32863a65ac312f3c0b0a99f921f3e827ff63afa5cb09a377e202c262b671f7b3832a4e64731003fa94af0263713962d317b9887bd1e0c48a342efba3
  languageName: node
  linkType: hard

"pretty-bytes@npm:6.1.0":
  version: 6.1.0
  resolution: "pretty-bytes@npm:6.1.0"
  checksum: 717ed82f8d4bbf038b623062d360bf71fe9107c3f2c43de7d0fd3e9610780306e38059d8d8356bc2c151d2929fada934c051f7d51be2587ebe8f426268b43112
  languageName: node
  linkType: hard

"pretty-ms@npm:8.0.0":
  version: 8.0.0
  resolution: "pretty-ms@npm:8.0.0"
  dependencies:
    parse-ms: ^3.0.0
  checksum: e960d633ecca45445cf5c6dffc0f5e4bef6744c92449ab0e8c6c704800675ab71e181c5e02ece5265e02137a33e313d3f3e355fbf8ea30b4b5b23de423329f8d
  languageName: node
  linkType: hard

"readable-stream@npm:^3.4.0":
  version: 3.6.2
  resolution: "readable-stream@npm:3.6.2"
  dependencies:
    inherits: ^2.0.3
    string_decoder: ^1.1.1
    util-deprecate: ^1.0.1
  checksum: e37be5c79c376fdd088a45fa31ea2e423e5d48854be7a22a58869b4e84d25047b193f6acb54f1012331e1bcd667ffb569c01b99d36b0bd59658fb33f513511b7
  languageName: node
  linkType: hard

"restore-cursor@npm:^4.0.0":
  version: 4.0.0
  resolution: "restore-cursor@npm:4.0.0"
  dependencies:
    onetime: ^5.1.0
    signal-exit: ^3.0.2
  checksum: 6f7da8c5e422ac26aa38354870b1afac09963572cf2879443540449068cb43476e9cbccf6f8de3e0171e0d6f7f533c2bc1a0a008003c9a525bbc098e89041318
  languageName: node
  linkType: hard

"safe-buffer@npm:~5.2.0":
  version: 5.2.1
  resolution: "safe-buffer@npm:5.2.1"
  checksum: 6501914237c0a86e9675d4e51d89ca3c21ffd6a31642efeba25ad65720bce6921c9e7e974e5be91a786b25aa058b5303285d3c15dbabf983a919f5f630d349f3
  languageName: node
  linkType: hard

"shebang-command@npm:^2.0.0":
  version: 2.0.0
  resolution: "shebang-command@npm:2.0.0"
  dependencies:
    shebang-regex: ^3.0.0
  checksum: a41692e7d89a553ef21d324a5cceb5f686d1f3c040759c50aab69688634688c5c327f26f3ecf7001ebfd78c01f3c7c0a11a7c8bfd0a8bc9f6240d4f40b224e4e
  languageName: node
  linkType: hard

"shebang-regex@npm:^3.0.0":
  version: 3.0.0
  resolution: "shebang-regex@npm:3.0.0"
  checksum: 1dbed0726dd0e1152a92696c76c7f06084eb32a90f0528d11acd764043aacf76994b2fb30aa1291a21bd019d6699164d048286309a278855ee7bec06cf6fb690
  languageName: node
  linkType: hard

"signal-exit@npm:^3.0.2, signal-exit@npm:^3.0.7":
  version: 3.0.7
  resolution: "signal-exit@npm:3.0.7"
  checksum: 25d272fa73e146048565e08f3309d5b942c1979a6f4a58a8c59d5fa299728e9c2fcd1a759ec870863b1fd38653670240cd420dad2ad9330c71f36608a6a1c912
  languageName: node
  linkType: hard

"stdin-discarder@npm:^0.1.0":
  version: 0.1.0
  resolution: "stdin-discarder@npm:0.1.0"
  dependencies:
    bl: ^5.0.0
  checksum: 3bbf7f8107e49c05b4a46bd739afdd34605cf1f06a038c8b2a33d034bf146344fc0ebc5149df1e6422510dd219971a220f25b1102413ef5128fe267683fbef9d
  languageName: node
  linkType: hard

"string_decoder@npm:^1.1.1":
  version: 1.3.0
  resolution: "string_decoder@npm:1.3.0"
  dependencies:
    safe-buffer: ~5.2.0
  checksum: 810614ddb030e271cd591935dcd5956b2410dd079d64ff92a1844d6b7588bf992b3e1b69b0f4d34a3e06e0bd73046ac646b5264c1987b20d0601f81ef35d731d
  languageName: node
  linkType: hard

"strip-ansi@npm:7.1.0, strip-ansi@npm:^7.0.1":
  version: 7.1.0
  resolution: "strip-ansi@npm:7.1.0"
  dependencies:
    ansi-regex: ^6.0.1
  checksum: a198c3762e8832505328cbf9e8c8381de14a4fa50a4f9b2160138158ea88c0f5549fb50cb13c651c3088f47e63a108b34622ec18c0499b6c8c3a5ddf6b305ac4
  languageName: node
  linkType: hard

"strip-final-newline@npm:^3.0.0":
  version: 3.0.0
  resolution: "strip-final-newline@npm:3.0.0"
  checksum: a771a17901427bac6293fd416db7577e2bc1c34a19d38351e9d5478c3c415f523f391003b42ed475f27e33a78233035df183525395f731d3bfb8cdcbd4da08ce
  languageName: node
  linkType: hard

"util-deprecate@npm:^1.0.1":
  version: 1.0.2
  resolution: "util-deprecate@npm:1.0.2"
  checksum: 41a5bdd214df2f6c3ecf8622745e4a366c4adced864bc3c833739791aeeeb1838119af7daed4ba36428114b5c67dcda034a79c882e97e43c03e66a4dd7389942
  languageName: node
  linkType: hard

"wcwidth@npm:^1.0.1":
  version: 1.0.1
  resolution: "wcwidth@npm:1.0.1"
  dependencies:
    defaults: ^1.0.3
  checksum: 5b61ca583a95e2dd85d7078400190efd452e05751a64accb8c06ce4db65d7e0b0cde9917d705e826a2e05cc2548f61efde115ffa374c3e436d04be45c889e5b4
  languageName: node
  linkType: hard

"which@npm:^2.0.1":
  version: 2.0.2
  resolution: "which@npm:2.0.2"
  dependencies:
    isexe: ^2.0.0
  bin:
    node-which: ./bin/node-which
  checksum: 66522872a768b60c2a65a57e8ad184e5372f5b6a9ca6d5f033d4b0dc98aff63995655a7503b9c0a2598936f532120e81dd8cc155e2e92ed662a2b9377cc4374f
  languageName: node
  linkType: hard

"yargs-parser@npm:21.1.1":
  version: 21.1.1
  resolution: "yargs-parser@npm:21.1.1"
  checksum: f84b5e48169479d2f402239c59f084cfd1c3acc197a05c59b98bab067452e6b3ea46d4dd8ba2985ba7b3d32a343d77df0debd6b343e5dae3da2aab2cdf5886b2
  languageName: node
  linkType: hard
